[[package]]
name = "asgiref"
version = "3.4.1"
description = "ASGI specs, helper code, and adapters"
category = "main"
optional = false
python-versions = ">=3.6"

[package.extras]
tests = ["pytest", "pytest-asyncio", "mypy (>=0.800)"]

[[package]]
name = "asyncio"
version = "3.4.3"
description = "reference implementation of PEP 3156"
category = "main"
optional = false
python-versions = "*"

[[package]]
name = "click"
version = "8.0.1"
description = "Composable command line interface toolkit"
category = "main"
optional = false
python-versions = ">=3.6"

[package.dependencies]
colorama = {version = "*", markers = "platform_system == \"Windows\""}

[[package]]
name = "colorama"
version = "0.4.4"
description = "Cross-platform colored terminal text."
category = "main"
optional = false
python-versions = ">=2.7, !=3.0.*, !=3.1.*, !=3.2.*, !=3.3.*, !=3.4.*"

[[package]]
name = "django"
version = "3.2.5"
description = "A high-level Python Web framework that encourages rapid development and clean, pragmatic design."
category = "main"
optional = false
python-versions = ">=3.6"

[package.dependencies]
asgiref = ">=3.3.2,<4"
pytz = "*"
sqlparse = ">=0.2.2"

[package.extras]
argon2 = ["argon2-cffi (>=19.1.0)"]
bcrypt = ["bcrypt"]

[[package]]
name = "django-cors-headers"
version = "3.7.0"
description = "django-cors-headers is a Django application for handling the server headers required for Cross-Origin Resource Sharing (CORS)."
category = "main"
optional = false
python-versions = ">=3.6"

[package.dependencies]
Django = ">=2.2"

[[package]]
name = "h11"
version = "0.12.0"
description = "A pure-Python, bring-your-own-I/O implementation of HTTP/1.1"
category = "main"
optional = false
python-versions = ">=3.6"

[[package]]
name = "pybase64"
version = "1.1.4"
description = "Fast Base64 encoding/decoding"
category = "main"
optional = false
python-versions = ">=3.5"

[package.extras]
test = ["pytest (>=5.0.0)"]

[[package]]
name = "pytz"
version = "2021.1"
description = "World timezone definitions, modern and historical"
category = "main"
optional = false
python-versions = "*"

[[package]]
name = "sqlparse"
version = "0.4.1"
description = "A non-validating SQL parser."
category = "main"
optional = false
python-versions = ">=3.5"

[[package]]
name = "ujson"
version = "4.0.2"
description = "Ultra fast JSON encoder and decoder for Python"
category = "main"
optional = false
python-versions = ">=3.6"

[[package]]
name = "uvicorn"
version = "0.15.0"
description = "The lightning-fast ASGI server."
category = "main"
optional = false
python-versions = "*"

[package.dependencies]
asgiref = ">=3.4.0"
click = ">=7.0"
h11 = ">=0.8"

[package.extras]
standard = ["websockets (>=9.1)", "httptools (>=0.2.0,<0.3.0)", "watchgod (>=0.6)", "python-dotenv (>=0.13)", "PyYAML (>=5.1)", "uvloop (>=0.14.0,!=0.15.0,!=0.15.1)", "colorama (>=0.4)"]

[[package]]
name = "websockets"
version = "9.1"
description = "An implementation of the WebSocket Protocol (RFC 6455 & 7692)"
category = "main"
optional = false
python-versions = ">=3.6.1"

[metadata]
lock-version = "1.1"
python-versions = "^3.9"
content-hash = "874084369b3b45bbbaedb6d42f40af35bee93f9483915e99e2b80bbeb6fc8e4b"

[metadata.files]
asgiref = [
    {file = "asgiref-3.4.1-py3-none-any.whl", hash = "sha256:ffc141aa908e6f175673e7b1b3b7af4fdb0ecb738fc5c8b88f69f055c2415214"},
    {file = "asgiref-3.4.1.tar.gz", hash = "sha256:4ef1ab46b484e3c706329cedeff284a5d40824200638503f5768edb6de7d58e9"},
]
asyncio = [
    {file = "asyncio-3.4.3-cp33-none-win32.whl", hash = "sha256:b62c9157d36187eca799c378e572c969f0da87cd5fc42ca372d92cdb06e7e1de"},
    {file = "asyncio-3.4.3-cp33-none-win_amd64.whl", hash = "sha256:c46a87b48213d7464f22d9a497b9eef8c1928b68320a2fa94240f969f6fec08c"},
    {file = "asyncio-3.4.3-py3-none-any.whl", hash = "sha256:c4d18b22701821de07bd6aea8b53d21449ec0ec5680645e5317062ea21817d2d"},
    {file = "asyncio-3.4.3.tar.gz", hash = "sha256:83360ff8bc97980e4ff25c964c7bd3923d333d177aa4f7fb736b019f26c7cb41"},
]
click = [
    {file = "click-8.0.1-py3-none-any.whl", hash = "sha256:fba402a4a47334742d782209a7c79bc448911afe1149d07bdabdf480b3e2f4b6"},
    {file = "click-8.0.1.tar.gz", hash = "sha256:8c04c11192119b1ef78ea049e0a6f0463e4c48ef00a30160c704337586f3ad7a"},
]
colorama = [
    {file = "colorama-0.4.4-py2.py3-none-any.whl", hash = "sha256:9f47eda37229f68eee03b24b9748937c7dc3868f906e8ba69fbcbdd3bc5dc3e2"},
    {file = "colorama-0.4.4.tar.gz", hash = "sha256:5941b2b48a20143d2267e95b1c2a7603ce057ee39fd88e7329b0c292aa16869b"},
]
django = [
    {file = "Django-3.2.5-py3-none-any.whl", hash = "sha256:c58b5f19c5ae0afe6d75cbdd7df561e6eb929339985dbbda2565e1cabb19a62e"},
    {file = "Django-3.2.5.tar.gz", hash = "sha256:3da05fea54fdec2315b54a563d5b59f3b4e2b1e69c3a5841dda35019c01855cd"},
]
django-cors-headers = [
    {file = "django-cors-headers-3.7.0.tar.gz", hash = "sha256:96069c4aaacace786a34ee7894ff680780ec2644e4268b31181044410fecd12e"},
    {file = "django_cors_headers-3.7.0-py3-none-any.whl", hash = "sha256:1ac2b1213de75a251e2ba04448da15f99bcfcbe164288ae6b5ff929dc49b372f"},
]
h11 = [
    {file = "h11-0.12.0-py3-none-any.whl", hash = "sha256:36a3cb8c0a032f56e2da7084577878a035d3b61d104230d4bd49c0c6b555a9c6"},
    {file = "h11-0.12.0.tar.gz", hash = "sha256:47222cb6067e4a307d535814917cd98fd0a57b6788ce715755fa2b6c28b56042"},
]
pybase64 = [
    {file = "pybase64-1.1.4-cp35-cp35m-macosx_10_9_x86_64.whl", hash = "sha256:00fb272b4ebbf7f57a03d05fccd87f9622b21c69d2f8a5eed7ac82fa7f4495e1"},
    {file = "pybase64-1.1.4-cp35-cp35m-manylinux1_i686.whl", hash = "sha256:f25dcdef7713ca9d59e40f8506ef6a6687058c891528bbbf24d105b09058bc24"},
    {file = "pybase64-1.1.4-cp35-cp35m-manylinux1_x86_64.whl", hash = "sha256:daef675aa56054668b47c7e6b470ea53d94f1475e7424e33d85e6b09b5dda2f6"},
    {file = "pybase64-1.1.4-cp35-cp35m-manylinux2014_aarch64.whl", hash = "sha256:99c52e88f2f3265213fd8697a7e5401955127a0e3ffae4ff9e44045bca4ac305"},
    {file = "pybase64-1.1.4-cp35-cp35m-manylinux2014_i686.whl", hash = "sha256:ef70bfa9c80c3bf47e278d4d55f8702bb4f32ef230d9189d310a8795d7dd0025"},
    {file = "pybase64-1.1.4-cp35-cp35m-manylinux2014_ppc64le.whl", hash = "sha256:d75ed9c8426ca2c36f9879a66e13667e32c5520c29b97cd05ea428c7c8b2a0ea"},
    {file = "pybase64-1.1.4-cp35-cp35m-manylinux2014_s390x.whl", hash = "sha256:b905337375cf8885f1a8aad6a550f2aacc94237a78f897e54573d839b1c6f3b2"},
    {file = "pybase64-1.1.4-cp35-cp35m-manylinux2014_x86_64.whl", hash = "sha256:de49eccde5efb30182d7b26208d640fa4f6dd35f0300ce4f984810cfe3b9fcee"},
    {file = "pybase64-1.1.4-cp35-cp35m-win32.whl", hash = "sha256:ed71a6aaefca1d5c565051e554c8f859809f0d5e4d298e2a96276df04dd872c6"},
    {file = "pybase64-1.1.4-cp35-cp35m-win_amd64.whl", hash = "sha256:586e52c9812d966cfcbae2cbcd666d7c9940a3dfa29084ad65a4c8dfb91d60df"},
    {file = "pybase64-1.1.4-cp36-cp36m-macosx_10_9_x86_64.whl", hash = "sha256:ca14a75c73db7379b862f19ce4603160caf0f76ccd5c37714214a646e5bb992a"},
    {file = "pybase64-1.1.4-cp36-cp36m-manylinux1_i686.whl", hash = "sha256:2e669a998a83a2332fa2943a2f468d711a4465fc32b66dd6c18cbf8808e3e2d0"},
    {file = "pybase64-1.1.4-cp36-cp36m-manylinux1_x86_64.whl", hash = "sha256:903456b8f3a46241122b3826e67a2b7b99d726a24929586b1a10e9a035fb5253"},
    {file = "pybase64-1.1.4-cp36-cp36m-manylinux2014_aarch64.whl", hash = "sha256:0f66403ac045c4becd3d25af365af2953bc14ec9de5433dd2988d38b91c458d0"},
    {file = "pybase64-1.1.4-cp36-cp36m-manylinux2014_i686.whl", hash = "sha256:fe850e6637e0a322c8c82a0dab67a88f7246701c641b5eb3668796002fc94b75"},
    {file = "pybase64-1.1.4-cp36-cp36m-manylinux2014_ppc64le.whl", hash = "sha256:785f027a0655f10b76d599558b168a57486ae7e55d293093f9a94c9106b37b39"},
    {file = "pybase64-1.1.4-cp36-cp36m-manylinux2014_s390x.whl", hash = "sha256:40b6e076e893f67160e63ed2b51eff1366a2c215b6dbb2337844cb219865cc66"},
    {file = "pybase64-1.1.4-cp36-cp36m-manylinux2014_x86_64.whl", hash = "sha256:c8249ebf2021e96548c19f38173912163e0f84994c5247b108a0c173390ac198"},
    {file = "pybase64-1.1.4-cp36-cp36m-win32.whl", hash = "sha256:0208fc57920e7806a7dafb80ad2a4ec1836bc7bea67ce5de1c5b88e802fc03e4"},
    {file = "pybase64-1.1.4-cp36-cp36m-win_amd64.whl", hash = "sha256:4479c9db63e2bcb89384dda66341a9f8c1bf27907c4b356885186d77a001d8d2"},
    {file = "pybase64-1.1.4-cp37-cp37m-macosx_10_9_x86_64.whl", hash = "sha256:55a97450dcdb030dbe824069180dd8b737374db9843ea57e662ca1ed7ac3b87b"},
    {file = "pybase64-1.1.4-cp37-cp37m-manylinux1_i686.whl", hash = "sha256:24d39ac7bfce0a6640a8b3ee919152416023750de58b0b71342ebe1a887ca8ab"},
    {file = "pybase64-1.1.4-cp37-cp37m-manylinux1_x86_64.whl", hash = "sha256:6b1f954d572071e81591fd092197993178567f46e4e9de1ed3300b8d23601ed7"},
    {file = "pybase64-1.1.4-cp37-cp37m-manylinux2014_aarch64.whl", hash = "sha256:b1943fca99e30740c1d5dc1a5a5f127597236bcf9f0f2e22beb0327f5d4c7077"},
    {file = "pybase64-1.1.4-cp37-cp37m-manylinux2014_i686.whl", hash = "sha256:9f550a5c3371b7dcf01e907f2cd5eddd8f9e8e1c15234dc0ed4b21f7c3a161c5"},
    {file = "pybase64-1.1.4-cp37-cp37m-manylinux2014_ppc64le.whl", hash = "sha256:291dd9e77cc18fd1daee51979f99eccc7ca9e00a47602fe6c72038d00c70a943"},
    {file = "pybase64-1.1.4-cp37-cp37m-manylinux2014_s390x.whl", hash = "sha256:f190478a2ca3d6439c26552ac312b221528e276161fb05a580f63458ecd8a0d2"},
    {file = "pybase64-1.1.4-cp37-cp37m-manylinux2014_x86_64.whl", hash = "sha256:d90a34ad648e84567a6e3d4e7a3ad65944f6f00a769740071459b913f5d78752"},
    {file = "pybase64-1.1.4-cp37-cp37m-win32.whl", hash = "sha256:09db11b257fc91cc48b61a048a3e7df66b57c6698ef3196752831f8b1f00a450"},
    {file = "pybase64-1.1.4-cp37-cp37m-win_amd64.whl", hash = "sha256:59eae6fed2617ad07eeb8dee2a9a1fa9ed2f582d3f0e1bbb225fe93d61887e74"},
    {file = "pybase64-1.1.4-cp38-cp38-macosx_10_9_x86_64.whl", hash = "sha256:f30fcd3e27e93d6916984a7fba701e8b19ee753bf2e896070392ee4dea3ad74b"},
    {file = "pybase64-1.1.4-cp38-cp38-manylinux1_i686.whl", hash = "sha256:d584dbc86bdde6225f80e1e85a1eaaeb2326a601c0007a8260bb06e6d6edb854"},
    {file = "pybase64-1.1.4-cp38-cp38-manylinux1_x86_64.whl", hash = "sha256:c4f6596213c23119522814a5bd37ab4fa69824f4f21421fc088b4c9f8983a82d"},
    {file = "pybase64-1.1.4-cp38-cp38-manylinux2014_aarch64.whl", hash = "sha256:3887d00f3297c8975e351f6a97d909d2283b51736502cf15b433ce02afeb4bae"},
    {file = "pybase64-1.1.4-cp38-cp38-manylinux2014_i686.whl", hash = "sha256:4ce959367c902197951f85aad37b5f001e3b04aad194473fce1420000a7e251b"},
    {file = "pybase64-1.1.4-cp38-cp38-manylinux2014_ppc64le.whl", hash = "sha256:9fc67cc32f25b34a45b8bd9a1ac28247b4e62bc62c2b7f29fb5f98b454badfdf"},
    {file = "pybase64-1.1.4-cp38-cp38-manylinux2014_s390x.whl", hash = "sha256:7ace93ead82ba4acdf1e6e0bfbc4bf76a55a391a5e7a364ed88c1425679eec82"},
    {file = "pybase64-1.1.4-cp38-cp38-manylinux2014_x86_64.whl", hash = "sha256:d86a642487a15ed452cc02dce7e5dc26e3036108340be60ab6da85878f3ade06"},
    {file = "pybase64-1.1.4-cp38-cp38-win32.whl", hash = "sha256:82a439d8253f8e8ed895e479f3c804246f23c8819e7f72892643e1e330d801d6"},
    {file = "pybase64-1.1.4-cp38-cp38-win_amd64.whl", hash = "sha256:67a821a0d2456dcb69f668870c60feb66d838420859833450c49d22455c1c4c4"},
    {file = "pybase64-1.1.4-cp39-cp39-macosx_10_9_x86_64.whl", hash = "sha256:bc02b3284dbb897aa2d4426b116a82b1f7440845fa9074824848f062580cc210"},
    {file = "pybase64-1.1.4-cp39-cp39-macosx_11_0_arm64.whl", hash = "sha256:9ec33774e37e22d8d11a1af607210f4209c87cd095dc580d5f8921d35eef6f5d"},
    {file = "pybase64-1.1.4-cp39-cp39-manylinux1_i686.whl", hash = "sha256:3fc9d0886938dae9c2aecfcba3b8e88c48af764db0027e9ad56cf5aaed5471f1"},
    {file = "pybase64-1.1.4-cp39-cp39-manylinux1_x86_64.whl", hash = "sha256:e95734d457198433810078631c72feb1c6387504d4003e4bc93275a6b9cf4e89"},
    {file = "pybase64-1.1.4-cp39-cp39-manylinux2014_aarch64.whl", hash = "sha256:acde3f0b50aab16a3f7002c1eb8b3dfa677be3417ee86870cd820783bfa92300"},
    {file = "pybase64-1.1.4-cp39-cp39-manylinux2014_i686.whl", hash = "sha256:c502ecb1d0901cf72e3583c010f7a1ab82eec72a9270ea9a4bfe46aeb3f94493"},
    {file = "pybase64-1.1.4-cp39-cp39-manylinux2014_ppc64le.whl", hash = "sha256:7133ffdac31d35e4e3113209bfe327f00a4fb8860a824bedc89669c9d589e360"},
    {file = "pybase64-1.1.4-cp39-cp39-manylinux2014_s390x.whl", hash = "sha256:5322a40e367fdd27b881b3df186f5aed6b865b7878b0eb0c5c281ae6b5ada760"},
    {file = "pybase64-1.1.4-cp39-cp39-manylinux2014_x86_64.whl", hash = "sha256:2429aeed8c380e26c619b7b0e21395131fcb32f7701b675a2a946dc5e046b90b"},
    {file = "pybase64-1.1.4-cp39-cp39-win32.whl", hash = "sha256:e454b774e2ac8d80d3ba502f673183f6187ae357ed45699dcb19293aded04c31"},
    {file = "pybase64-1.1.4-cp39-cp39-win_amd64.whl", hash = "sha256:6c6ef38c107218a260f0d317089170ead8adbf798ef6d971a9459b58377f9740"},
    {file = "pybase64-1.1.4-pp36-pypy36_pp73-macosx_10_9_x86_64.whl", hash = "sha256:123d1b77d71a07c421a4034f0aae8ec0744aae7aa568ae9bfb48b6c1b0ea2267"},
    {file = "pybase64-1.1.4-pp36-pypy36_pp73-manylinux1_x86_64.whl", hash = "sha256:aa43ff2714080fab65aa9ee6b4ed83f6249f6db4a40f6ffab10a9623729136fb"},
    {file = "pybase64-1.1.4-pp36-pypy36_pp73-manylinux2010_x86_64.whl", hash = "sha256:bd662fa832e337a6ce7681d4d0afd6bef7ecbc5da122fef9b51ba133d28844ff"},
    {file = "pybase64-1.1.4-pp36-pypy36_pp73-win32.whl", hash = "sha256:be3e45f61ff2bcfdd7d458a6eee9f9653e42b3540ac2ef3fd7a74cee7ea6f3ed"},
    {file = "pybase64-1.1.4-pp37-pypy37_pp73-macosx_10_9_x86_64.whl", hash = "sha256:ef7dd406f1825038060558ad4765b4e406e43f609052e9f24dbd0a6d74f395ff"},
    {file = "pybase64-1.1.4-pp37-pypy37_pp73-manylinux1_x86_64.whl", hash = "sha256:89e8c38706a02c5636caa04f2038e96fc3638502f094363ac2b72def4cb42a8b"},
    {file = "pybase64-1.1.4-pp37-pypy37_pp73-manylinux2010_x86_64.whl", hash = "sha256:b5f943f049ff82a0fc99d2b911e1b8e710d54516993855769cb17c87b354f663"},
    {file = "pybase64-1.1.4-pp37-pypy37_pp73-win32.whl", hash = "sha256:9012d308af0ec2a27023b8c1237564edafe8cae05c29b85cc9bbe4871f1346c9"},
    {file = "pybase64-1.1.4.tar.gz", hash = "sha256:f0e0db1dee2a2cbf35e6710ea138594ecc1e0f491ff9103f136de83d8f159315"},
]
pytz = [
    {file = "pytz-2021.1-py2.py3-none-any.whl", hash = "sha256:eb10ce3e7736052ed3623d49975ce333bcd712c7bb19a58b9e2089d4057d0798"},
    {file = "pytz-2021.1.tar.gz", hash = "sha256:83a4a90894bf38e243cf052c8b58f381bfe9a7a483f6a9cab140bc7f702ac4da"},
]
sqlparse = [
    {file = "sqlparse-0.4.1-py3-none-any.whl", hash = "sha256:017cde379adbd6a1f15a61873f43e8274179378e95ef3fede90b5aa64d304ed0"},
    {file = "sqlparse-0.4.1.tar.gz", hash = "sha256:0f91fd2e829c44362cbcfab3e9ae12e22badaa8a29ad5ff599f9ec109f0454e8"},
]
ujson = [
    {file = "ujson-4.0.2-cp36-cp36m-macosx_10_14_x86_64.whl", hash = "sha256:e390df0dcc7897ffb98e17eae1f4c442c39c91814c298ad84d935a3c5c7a32fa"},
    {file = "ujson-4.0.2-cp36-cp36m-manylinux1_i686.whl", hash = "sha256:84b1dca0d53b0a8d58835f72ea2894e4d6cf7a5dd8f520ab4cbd698c81e49737"},
    {file = "ujson-4.0.2-cp36-cp36m-manylinux1_x86_64.whl", hash = "sha256:91396a585ba51f84dc71c8da60cdc86de6b60ba0272c389b6482020a1fac9394"},
    {file = "ujson-4.0.2-cp36-cp36m-manylinux2014_aarch64.whl", hash = "sha256:eb6b25a7670c7537a5998e695fa62ff13c7f9c33faf82927adf4daa460d5f62e"},
    {file = "ujson-4.0.2-cp36-cp36m-win_amd64.whl", hash = "sha256:f8aded54c2bc554ce20b397f72101737dd61ee7b81c771684a7dd7805e6cca0c"},
    {file = "ujson-4.0.2-cp37-cp37m-macosx_10_14_x86_64.whl", hash = "sha256:30962467c36ff6de6161d784cd2a6aac1097f0128b522d6e9291678e34fb2b47"},
    {file = "ujson-4.0.2-cp37-cp37m-manylinux1_i686.whl", hash = "sha256:fc51e545d65689c398161f07fd405104956ec27f22453de85898fa088b2cd4bb"},
    {file = "ujson-4.0.2-cp37-cp37m-manylinux1_x86_64.whl", hash = "sha256:e6e90330670c78e727d6637bb5a215d3e093d8e3570d439fd4922942f88da361"},
    {file = "ujson-4.0.2-cp37-cp37m-manylinux2014_aarch64.whl", hash = "sha256:5e1636b94c7f1f59a8ead4c8a7bab1b12cc52d4c21ababa295ffec56b445fd2a"},
    {file = "ujson-4.0.2-cp37-cp37m-win_amd64.whl", hash = "sha256:e2cadeb0ddc98e3963bea266cc5b884e5d77d73adf807f0bda9eca64d1c509d5"},
    {file = "ujson-4.0.2-cp38-cp38-macosx_10_14_x86_64.whl", hash = "sha256:a214ba5a21dad71a43c0f5aef917cd56a2d70bc974d845be211c66b6742a471c"},
    {file = "ujson-4.0.2-cp38-cp38-manylinux1_i686.whl", hash = "sha256:0190d26c0e990c17ad072ec8593647218fe1c675d11089cd3d1440175b568967"},
    {file = "ujson-4.0.2-cp38-cp38-manylinux1_x86_64.whl", hash = "sha256:f273a875c0b42c2a019c337631bc1907f6fdfbc84210cc0d1fff0e2019bbfaec"},
    {file = "ujson-4.0.2-cp38-cp38-manylinux2014_aarch64.whl", hash = "sha256:d3a87888c40b5bfcf69b4030427cd666893e826e82cc8608d1ba8b4b5e04ea99"},
    {file = "ujson-4.0.2-cp38-cp38-win_amd64.whl", hash = "sha256:7333e8bc45ea28c74ae26157eacaed5e5629dbada32e0103c23eb368f93af108"},
    {file = "ujson-4.0.2-cp39-cp39-macosx_10_14_x86_64.whl", hash = "sha256:b3a6dcc660220539aa718bcc9dbd6dedf2a01d19c875d1033f028f212e36d6bb"},
    {file = "ujson-4.0.2-cp39-cp39-manylinux1_i686.whl", hash = "sha256:0ea07fe57f9157118ca689e7f6db72759395b99121c0ff038d2e38649c626fb1"},
    {file = "ujson-4.0.2-cp39-cp39-manylinux1_x86_64.whl", hash = "sha256:4d6d061563470cac889c0a9fd367013a5dbd8efc36ad01ab3e67a57e56cad720"},
    {file = "ujson-4.0.2-cp39-cp39-manylinux2014_aarch64.whl", hash = "sha256:b5c70704962cf93ec6ea3271a47d952b75ae1980d6c56b8496cec2a722075939"},
    {file = "ujson-4.0.2-cp39-cp39-win_amd64.whl", hash = "sha256:aad6d92f4d71e37ea70e966500f1951ecd065edca3a70d3861b37b176dd6702c"},
    {file = "ujson-4.0.2.tar.gz", hash = "sha256:c615a9e9e378a7383b756b7e7a73c38b22aeb8967a8bfbffd4741f7ffd043c4d"},
]
uvicorn = [
    {file = "uvicorn-0.15.0-py3-none-any.whl", hash = "sha256:17f898c64c71a2640514d4089da2689e5db1ce5d4086c2d53699bf99513421c1"},
    {file = "uvicorn-0.15.0.tar.gz", hash = "sha256:d9a3c0dd1ca86728d3e235182683b4cf94cd53a867c288eaeca80ee781b2caff"},
]
websockets = [
    {file = "websockets-9.1-cp36-cp36m-macosx_10_9_x86_64.whl", hash = "sha256:d144b350045c53c8ff09aa1cfa955012dd32f00c7e0862c199edcabb1a8b32da"},
    {file = "websockets-9.1-cp36-cp36m-manylinux1_i686.whl", hash = "sha256:b4ad84b156cf50529b8ac5cc1638c2cf8680490e3fccb6121316c8c02620a2e4"},
    {file = "websockets-9.1-cp36-cp36m-manylinux1_x86_64.whl", hash = "sha256:2cf04601633a4ec176b9cc3d3e73789c037641001dbfaf7c411f89cd3e04fcaf"},
    {file = "websockets-9.1-cp36-cp36m-manylinux2010_i686.whl", hash = "sha256:5c8f0d82ea2468282e08b0cf5307f3ad022290ed50c45d5cb7767957ca782880"},
    {file = "websockets-9.1-cp36-cp36m-manylinux2010_x86_64.whl", hash = "sha256:caa68c95bc1776d3521f81eeb4d5b9438be92514ec2a79fececda814099c8314"},
    {file = "websockets-9.1-cp36-cp36m-manylinux2014_aarch64.whl", hash = "sha256:d2c2d9b24d3c65b5a02cac12cbb4e4194e590314519ed49db2f67ef561c3cf58"},
    {file = "websockets-9.1-cp36-cp36m-win32.whl", hash = "sha256:f31722f1c033c198aa4a39a01905951c00bd1c74f922e8afc1b1c62adbcdd56a"},
    {file = "websockets-9.1-cp36-cp36m-win_amd64.whl", hash = "sha256:3ddff38894c7857c476feb3538dd847514379d6dc844961dc99f04b0384b1b1b"},
    {file = "websockets-9.1-cp37-cp37m-macosx_10_9_x86_64.whl", hash = "sha256:51d04df04ed9d08077d10ccbe21e6805791b78eac49d16d30a1f1fe2e44ba0af"},
    {file = "websockets-9.1-cp37-cp37m-manylinux1_i686.whl", hash = "sha256:f68c352a68e5fdf1e97288d5cec9296664c590c25932a8476224124aaf90dbcd"},
    {file = "websockets-9.1-cp37-cp37m-manylinux1_x86_64.whl", hash = "sha256:b43b13e5622c5a53ab12f3272e6f42f1ce37cd5b6684b2676cb365403295cd40"},
    {file = "websockets-9.1-cp37-cp37m-manylinux2010_i686.whl", hash = "sha256:9147868bb0cc01e6846606cd65cbf9c58598f187b96d14dd1ca17338b08793bb"},
    {file = "websockets-9.1-cp37-cp37m-manylinux2010_x86_64.whl", hash = "sha256:836d14eb53b500fd92bd5db2fc5894f7c72b634f9c2a28f546f75967503d8e25"},
    {file = "websockets-9.1-cp37-cp37m-manylinux2014_aarch64.whl", hash = "sha256:48c222feb3ced18f3dc61168ca18952a22fb88e5eb8902d2bf1b50faefdc34a2"},
    {file = "websockets-9.1-cp37-cp37m-win32.whl", hash = "sha256:900589e19200be76dd7cbaa95e9771605b5ce3f62512d039fb3bc5da9014912a"},
    {file = "websockets-9.1-cp37-cp37m-win_amd64.whl", hash = "sha256:ab5ee15d3462198c794c49ccd31773d8a2b8c17d622aa184f669d2b98c2f0857"},
    {file = "websockets-9.1-cp38-cp38-macosx_10_9_x86_64.whl", hash = "sha256:85e701a6c316b7067f1e8675c638036a796fe5116783a4c932e7eb8e305a3ffe"},
    {file = "websockets-9.1-cp38-cp38-manylinux1_i686.whl", hash = "sha256:b2e71c4670ebe1067fa8632f0d081e47254ee2d3d409de54168b43b0ba9147e0"},
    {file = "websockets-9.1-cp38-cp38-manylinux1_x86_64.whl", hash = "sha256:230a3506df6b5f446fed2398e58dcaafdff12d67fe1397dff196411a9e820d02"},
    {file = "websockets-9.1-cp38-cp38-manylinux2010_i686.whl", hash = "sha256:7df3596838b2a0c07c6f6d67752c53859a54993d4f062689fdf547cb56d0f84f"},
    {file = "websockets-9.1-cp38-cp38-manylinux2010_x86_64.whl", hash = "sha256:826ccf85d4514609219725ba4a7abd569228c2c9f1968e8be05be366f68291ec"},
    {file = "websockets-9.1-cp38-cp38-manylinux2014_aarch64.whl", hash = "sha256:0dd4eb8e0bbf365d6f652711ce21b8fd2b596f873d32aabb0fbb53ec604418cc"},
    {file = "websockets-9.1-cp38-cp38-win32.whl", hash = "sha256:1d0971cc7251aeff955aa742ec541ee8aaea4bb2ebf0245748fbec62f744a37e"},
    {file = "websockets-9.1-cp38-cp38-win_amd64.whl", hash = "sha256:7189e51955f9268b2bdd6cc537e0faa06f8fffda7fb386e5922c6391de51b077"},
    {file = "websockets-9.1-cp39-cp39-macosx_10_9_x86_64.whl", hash = "sha256:e9e5fd6dbdf95d99bc03732ded1fc8ef22ebbc05999ac7e0c7bf57fe6e4e5ae2"},
    {file = "websockets-9.1-cp39-cp39-manylinux1_i686.whl", hash = "sha256:9e7fdc775fe7403dbd8bc883ba59576a6232eac96dacb56512daacf7af5d618d"},
    {file = "websockets-9.1-cp39-cp39-manylinux1_x86_64.whl", hash = "sha256:597c28f3aa7a09e8c070a86b03107094ee5cdafcc0d55f2f2eac92faac8dc67d"},
    {file = "websockets-9.1-cp39-cp39-manylinux2010_i686.whl", hash = "sha256:ad893d889bc700a5835e0a95a3e4f2c39e91577ab232a3dc03c262a0f8fc4b5c"},
    {file = "websockets-9.1-cp39-cp39-manylinux2010_x86_64.whl", hash = "sha256:1d6b4fddb12ab9adf87b843cd4316c4bd602db8d5efd2fb83147f0458fe85135"},
    {file = "websockets-9.1-cp39-cp39-manylinux2014_aarch64.whl", hash = "sha256:ebf459a1c069f9866d8569439c06193c586e72c9330db1390af7c6a0a32c4afd"},
    {file = "websockets-9.1-cp39-cp39-win32.whl", hash = "sha256:be5fd35e99970518547edc906efab29afd392319f020c3c58b0e1a158e16ed20"},
    {file = "websockets-9.1-cp39-cp39-win_amd64.whl", hash = "sha256:85db8090ba94e22d964498a47fdd933b8875a1add6ebc514c7ac8703eb97bbf0"},
    {file = "websockets-9.1.tar.gz", hash = "sha256:276d2339ebf0df4f45df453923ebd2270b87900eda5dfd4a6b0cfa15f82111c3"},
]
